# This file is autogenerated, do not edit; changes may be undone by the next 'dep ensure'.


[[projects]]
  name = "github.com/cavaliercoder/grab"
  packages = ["."]
  revision = "e2cf8055a943781c5f6424590b0495cd59f616f0"
  version = "v2.0.0"

[[projects]]
  branch = "dmgutils"
  name = "github.com/groob/mackit"
  packages = [
    "dmgutils",
    "install/pkg"
  ]
  revision = "137320187e607919f1bfac64438c32e1fdce0fd9"
  source = "github.com/clburlison/mackit"

[[projects]]
  branch = "master"
  name = "github.com/groob/plist"
  packages = ["."]
  revision = "2805b357fb2349d3a53ad2d5a5d00d191d9a37c9"

[[projects]]
  name = "gopkg.in/h2non/filetype.v1"
  packages = [
    ".",
    "matchers",
    "types"
  ]
  revision = "cc14fdc9ca0e4c2bafad7458f6ff79fd3947cfbb"
  version = "v1.0.5"

[solve-meta]
  analyzer-name = "dep"
  analyzer-version = 1
  inputs-digest = "74e510a47c434354155c782d25c17c6036b9049e0261c2aeb720599d97fe9ce0"
  solver-name = "gps-cdcl"
  solver-version = 1
